
Microsoft Visual Studio Solution File, Format Version 12.00
# Visual Studio Version 17
VisualStudioVersion = 17.5.33530.505
MinimumVisualStudioVersion = 10.0.40219.1
Project("{FAE04EC0-301F-11D3-BF4B-00C04F79EFBC}") = "Start", "Start.csproj", "{871F1ADA-4DE1-468D-8A8E-5D1A3CE08238}"
EndProject
Global
	GlobalSection(SolutionConfigurationPlatforms) = preSolution
		Debug|Any CPU = Debug|Any CPU
		Release|Any CPU = Release|Any CPU
	EndGlobalSection
	GlobalSection(ProjectConfigurationPlatforms) = postSolution
		{871F1ADA-4DE1-468D-8A8E-5D1A3CE08238}.Debug|Any CPU.ActiveCfg = Debug|Any CPU
		{871F1ADA-4DE1-468D-8A8E-5D1A3CE08238}.Debug|Any CPU.Build.0 = Debug|Any CPU
		{871F1ADA-4DE1-468D-8A8E-5D1A3CE08238}.Release|Any CPU.ActiveCfg = Release|Any CPU
		{871F1ADA-4DE1-468D-8A8E-5D1A3CE08238}.Release|Any CPU.Build.0 = Release|Any CPU
	EndGlobalSection
	GlobalSection(SolutionProperties) = preSolution
		HideSolutionNode = FALSE
	EndGlobalSection
	GlobalSection(ExtensibilityGlobals) = postSolution
		SolutionGuid = {32DF4EA6-F318-4691-A04F-E4308279A699}
	EndGlobalSection
EndGlobal
